Microsoft Visual Studio Solution File, Format Version 12.00
# Visual Studio Version 17
VisualStudioVersion = 17.5.2.0
MinimumVisualStudioVersion = 10.0.40219.1
Project("{FAE04EC0-301F-11D3-BF4B-00C04F79EFBC}") = "MeuPrimeiroProjeto", "MeuPrimeiroProjeto\MeuPrimeiroProjeto.csproj", "{E154D856-F82B-E2ED-4356-8DACE22BFB08}"
EndProject
Global
	GlobalSection(SolutionConfigurationPlatforms) = preSolution
		Debug|Any CPU = Debug|Any CPU
		Release|Any CPU = Release|Any CPU
	EndGlobalSection
	GlobalSection(ProjectConfigurationPlatforms) = postSolution
		{E154D856-F82B-E2ED-4356-8DACE22BFB08}.Debug|Any CPU.ActiveCfg = Debug|Any CPU
		{E154D856-F82B-E2ED-4356-8DACE22BFB08}.Debug|Any CPU.Build.0 = Debug|Any CPU
		{E154D856-F82B-E2ED-4356-8DACE22BFB08}.Release|Any CPU.ActiveCfg = Release|Any CPU
		{E154D856-F82B-E2ED-4356-8DACE22BFB08}.Release|Any CPU.Build.0 = Release|Any CPU
	EndGlobalSection
	GlobalSection(SolutionProperties) = preSolution
		HideSolutionNode = FALSE
	EndGlobalSection
	GlobalSection(ExtensibilityGlobals) = postSolution
		SolutionGuid = {9AE555E6-992C-4140-9BC8-EBAB35DC471E}
	EndGlobalSection
EndGlobal
